
Microsoft Visual Studio Solution File, Format Version 12.00
# Visual Studio 15
Project("{FAE04EC0-301F-11D3-BF4B-00C04F79EFBC}") = "Assembly-CSharp", "Assembly-CSharp.csproj", "{3F19B325-D9D0-3433-4136-B8273AFF411E}"
EndProject
Project("{FAE04EC0-301F-11D3-BF4B-00C04F79EFBC}") = "Assembly-CSharp-firstpass", "Assembly-CSharp-firstpass.csproj", "{8C9E5DE7-445F-C8DF-1A14-1FEBAA16C303}"
EndProject
Project("{FAE04EC0-301F-11D3-BF4B-00C04F79EFBC}") = "Assembly-CSharp-Editor", "Assembly-CSharp-Editor.csproj", "{ED878E32-3D06-739D-A10A-08665778F280}"
EndProject
Global
	GlobalSection(SolutionConfigurationPlatforms) = preSolution
		Debug|Any CPU = Debug|Any CPU
		Release|Any CPU = Release|Any CPU
	EndGlobalSection
	GlobalSection(ProjectConfigurationPlatforms) = postSolution
		{3F19B325-D9D0-3433-4136-B8273AFF411E}.Debug|Any CPU.ActiveCfg = Debug|Any CPU
		{3F19B325-D9D0-3433-4136-B8273AFF411E}.Debug|Any CPU.Build.0 = Debug|Any CPU
		{3F19B325-D9D0-3433-4136-B8273AFF411E}.Release|Any CPU.ActiveCfg = Release|Any CPU
		{3F19B325-D9D0-3433-4136-B8273AFF411E}.Release|Any CPU.Build.0 = Release|Any CPU
		{8C9E5DE7-445F-C8DF-1A14-1FEBAA16C303}.Debug|Any CPU.ActiveCfg = Debug|Any CPU
		{8C9E5DE7-445F-C8DF-1A14-1FEBAA16C303}.Debug|Any CPU.Build.0 = Debug|Any CPU
		{8C9E5DE7-445F-C8DF-1A14-1FEBAA16C303}.Release|Any CPU.ActiveCfg = Release|Any CPU
		{8C9E5DE7-445F-C8DF-1A14-1FEBAA16C303}.Release|Any CPU.Build.0 = Release|Any CPU
		{ED878E32-3D06-739D-A10A-08665778F280}.Debug|Any CPU.ActiveCfg = Debug|Any CPU
		{ED878E32-3D06-739D-A10A-08665778F280}.Debug|Any CPU.Build.0 = Debug|Any CPU
		{ED878E32-3D06-739D-A10A-08665778F280}.Release|Any CPU.ActiveCfg = Release|Any CPU
		{ED878E32-3D06-739D-A10A-08665778F280}.Release|Any CPU.Build.0 = Release|Any CPU
	EndGlobalSection
	GlobalSection(SolutionProperties) = preSolution
		HideSolutionNode = FALSE
	EndGlobalSection
EndGlobal
